# THIS IS AN AUTOGENERATED FILE. DO NOT EDIT THIS FILE DIRECTLY.
# yarn lockfile v1


"@types/node@18.16.12":
  version "18.16.12"
  resolved "https://registry.yarnpkg.com/@types/node/-/node-18.16.12.tgz#f11e19055c5b3daeb79dc6eb7ccdd3d036313034"
  integrity sha512-tIRrjbY9C277MOfP8M3zjMIhtMlUJ6YVqkGgLjz+74jVsdf4/UjC6Hku4+1N0BS0qyC0JAS6tJLUk9H6JUKviQ==

tslib@2.5.1:
  version "2.5.1"
  resolved "https://registry.yarnpkg.com/tslib/-/tslib-2.5.1.tgz#f2ad78c367857d54e49a0ef9def68737e1a67b21"
  integrity sha512-KaI6gPil5m9vF7DKaoXxx1ia9fxS4qG5YveErRRVknPDXXriu5M8h48YRjB6h5ZUOKuAKlSJYb0GaDe8I39fRw==

typescript@5.0.4:
  version "5.0.4"
  resolved "https://registry.yarnpkg.com/typescript/-/typescript-5.0.4.tgz#b217fd20119bd61a94d4011274e0ab369058da3b"
  integrity sha512-cW9T5W9xY37cc+jfEnaUvX91foxtHkza3Nw3wkoF4sSlKn0MONdkdEndig/qPBWXNkmplh3NzayQzCiHM4/hqw==
